// !$*UTF8*$!
{
	archiveVersion = 1;
	classes = {
	};
	objectVersion = 48;
	objects = {

/* Begin PBXBuildFile section */
		32FFFDCB202070AA005031E5 /* AppDelegate.m in Sources */ = {isa = PBXBuildFile; fileRef = 32FFFDCA202070AA005031E5 /* AppDelegate.m */; };
		32FFFDCE202070AA005031E5 /* ViewController.m in Sources */ = {isa = PBXBuildFile; fileRef = 32FFFDCD202070AA005031E5 /* ViewController.m */; };
		32FFFDD1202070AA005031E5 /* Main.storyboard in Resources */ = {isa = PBXBuildFile; fileRef = 32FFFDCF202070AA005031E5 /* Main.storyboard */; };
		32FFFDD3202070AA005031E5 /* Assets.xcassets in Resources */ = {isa = PBXBuildFile; fileRef = 32FFFDD2202070AA005031E5 /* Assets.xcassets */; };
		32FFFDD6202070AA005031E5 /* LaunchScreen.storyboard in Resources */ = {isa = PBXBuildFile; fileRef = 32FFFDD4202070AA005031E5 /* LaunchScreen.storyboard */; };
		32FFFDD9202070AA005031E5 /* main.m in Sources */ = {isa = PBXBuildFile; fileRef = 32FFFDD8202070AA005031E5 /* main.m */; };
		32FFFDE3202070AA005031E5 /* drawingTests.m in Sources */ = {isa = PBXBuildFile; fileRef = 32FFFDE2202070AA005031E5 /* drawingTests.m */; };
		32FFFDEF20207291005031E5 /* NewDrawingCreationViewController.m in Sources */ = {isa = PBXBuildFile; fileRef = 32FFFDEE20207291005031E5 /* NewDrawingCreationViewController.m */; };
		32FFFDF220208387005031E5 /* DrawingViewController.m in Sources */ = {isa = PBXBuildFile; fileRef = 32FFFDF120208387005031E5 /* DrawingViewController.m */; };
		32FFFDF520211AEC005031E5 /* ExistentDrawingsViewController.m in Sources */ = {isa = PBXBuildFile; fileRef = 32FFFDF420211AEC005031E5 /* ExistentDrawingsViewController.m */; };
		C17D635D2693703405DE0F56 /* NSString+JStyle.m in Sources */ = {isa = PBXBuildFile; fileRef = C17D6596EE370EDE6B381211 /* NSString+JStyle.m */; };
/* End PBXBuildFile section */

/* Begin PBXContainerItemProxy section */
		32FFFDDF202070AA005031E5 /* PBXContainerItemProxy */ = {
			isa = PBXContainerItemProxy;
			containerPortal = 32FFFDBE202070AA005031E5 /* Project object */;
			proxyType = 1;
			remoteGlobalIDString = 32FFFDC5202070AA005031E5;
			remoteInfo = drawing;
		};
/* End PBXContainerItemProxy section */

/* Begin PBXFileReference section */
		32FFFDC6202070AA005031E5 /* drawing.app */ = {isa = PBXFileReference; explicitFileType = wrapper.application; includeInIndex = 0; path = drawing.app; sourceTree = BUILT_PRODUCTS_DIR; };
		32FFFDC9202070AA005031E5 /* AppDelegate.h */ = {isa = PBXFileReference; lastKnownFileType = sourcecode.c.h; path = AppDelegate.h; sourceTree = "<group>"; };
		32FFFDCA202070AA005031E5 /* AppDelegate.m */ = {isa = PBXFileReference; lastKnownFileType = sourcecode.c.objc; path = AppDelegate.m; sourceTree = "<group>"; };
		32FFFDCC202070AA005031E5 /* ViewController.h */ = {isa = PBXFileReference; lastKnownFileType = sourcecode.c.h; path = ViewController.h; sourceTree = "<group>"; };
		32FFFDCD202070AA005031E5 /* ViewController.m */ = {isa = PBXFileReference; lastKnownFileType = sourcecode.c.objc; path = ViewController.m; sourceTree = "<group>"; };
		32FFFDD0202070AA005031E5 /* Base */ = {isa = PBXFileReference; lastKnownFileType = file.storyboard; name = Base; path = Base.lproj/Main.storyboard; sourceTree = "<group>"; };
		32FFFDD2202070AA005031E5 /* Assets.xcassets */ = {isa = PBXFileReference; lastKnownFileType = folder.assetcatalog; path = Assets.xcassets; sourceTree = "<group>"; };
		32FFFDD5202070AA005031E5 /* Base */ = {isa = PBXFileReference; lastKnownFileType = file.storyboard; name = Base; path = Base.lproj/LaunchScreen.storyboard; sourceTree = "<group>"; };
		32FFFDD7202070AA005031E5 /* Info.plist */ = {isa = PBXFileReference; lastKnownFileType = text.plist.xml; path = Info.plist; sourceTree = "<group>"; };
		32FFFDD8202070AA005031E5 /* main.m */ = {isa = PBXFileReference; lastKnownFileType = sourcecode.c.objc; path = main.m; sourceTree = "<group>"; };
		32FFFDDE202070AA005031E5 /* drawingTests.xctest */ = {isa = PBXFileReference; explicitFileType = wrapper.cfbundle; includeInIndex = 0; path = drawingTests.xctest; sourceTree = BUILT_PRODUCTS_DIR; };
		32FFFDE2202070AA005031E5 /* drawingTests.m */ = {isa = PBXFileReference; lastKnownFileType = sourcecode.c.objc; path = drawingTests.m; sourceTree = "<group>"; };
		32FFFDE4202070AA005031E5 /* Info.plist */ = {isa = PBXFileReference; lastKnownFileType = text.plist.xml; path = Info.plist; sourceTree = "<group>"; };
		32FFFDED20207291005031E5 /* NewDrawingCreationViewController.h */ = {isa = PBXFileReference; lastKnownFileType = sourcecode.c.h; path = NewDrawingCreationViewController.h; sourceTree = "<group>"; };
		32FFFDEE20207291005031E5 /* NewDrawingCreationViewController.m */ = {isa = PBXFileReference; lastKnownFileType = sourcecode.c.objc; path = NewDrawingCreationViewController.m; sourceTree = "<group>"; };
		32FFFDF020208387005031E5 /* DrawingViewController.h */ = {isa = PBXFileReference; lastKnownFileType = sourcecode.c.h; path = DrawingViewController.h; sourceTree = "<group>"; };
		32FFFDF120208387005031E5 /* DrawingViewController.m */ = {isa = PBXFileReference; lastKnownFileType = sourcecode.c.objc; path = DrawingViewController.m; sourceTree = "<group>"; };
		32FFFDF320211AEC005031E5 /* ExistentDrawingsViewController.h */ = {isa = PBXFileReference; lastKnownFileType = sourcecode.c.h; path = ExistentDrawingsViewController.h; sourceTree = "<group>"; };
		32FFFDF420211AEC005031E5 /* ExistentDrawingsViewController.m */ = {isa = PBXFileReference; lastKnownFileType = sourcecode.c.objc; path = ExistentDrawingsViewController.m; sourceTree = "<group>"; };
		C17D6596EE370EDE6B381211 /* NSString+JStyle.m */ = {isa = PBXFileReference; fileEncoding = 4; lastKnownFileType = sourcecode.c.objc; path = "NSString+JStyle.m"; sourceTree = "<group>"; };
		C17D67C00980FA9862ECD246 /* NSString+JStyle.h */ = {isa = PBXFileReference; fileEncoding = 4; lastKnownFileType = sourcecode.c.h; path = "NSString+JStyle.h"; sourceTree = "<group>"; };
/* End PBXFileReference section */

/* Begin PBXFrameworksBuildPhase section */
		32FFFDC3202070AA005031E5 /* Frameworks */ = {
			isa = PBXFrameworksBuildPhase;
			buildActionMask = 2147483647;
			files = (
			);
			runOnlyForDeploymentPostprocessing = 0;
		};
		32FFFDDB202070AA005031E5 /* Frameworks */ = {
			isa = PBXFrameworksBuildPhase;
			buildActionMask = 2147483647;
			files = (
			);
			runOnlyForDeploymentPostprocessing = 0;
		};
/* End PBXFrameworksBuildPhase section */

/* Begin PBXGroup section */
		32FFFDBD202070AA005031E5 = {
			isa = PBXGroup;
			children = (
				32FFFDC8202070AA005031E5 /* drawing */,
				32FFFDE1202070AA005031E5 /* drawingTests */,
				32FFFDC7202070AA005031E5 /* Products */,
			);
			sourceTree = "<group>";
		};
		32FFFDC7202070AA005031E5 /* Products */ = {
			isa = PBXGroup;
			children = (
				32FFFDC6202070AA005031E5 /* drawing.app */,
				32FFFDDE202070AA005031E5 /* drawingTests.xctest */,
			);
			name = Products;
			sourceTree = "<group>";
		};
		32FFFDC8202070AA005031E5 /* drawing */ = {
			isa = PBXGroup;
			children = (
				32FFFDC9202070AA005031E5 /* AppDelegate.h */,
				32FFFDCA202070AA005031E5 /* AppDelegate.m */,
				32FFFDCC202070AA005031E5 /* ViewController.h */,
				32FFFDCD202070AA005031E5 /* ViewController.m */,
				32FFFDCF202070AA005031E5 /* Main.storyboard */,
				32FFFDF320211AEC005031E5 /* ExistentDrawingsViewController.h */,
				32FFFDF420211AEC005031E5 /* ExistentDrawingsViewController.m */,
				32FFFDD2202070AA005031E5 /* Assets.xcassets */,
				32FFFDD4202070AA005031E5 /* LaunchScreen.storyboard */,
				32FFFDD7202070AA005031E5 /* Info.plist */,
				32FFFDD8202070AA005031E5 /* main.m */,
				32FFFDED20207291005031E5 /* NewDrawingCreationViewController.h */,
				32FFFDEE20207291005031E5 /* NewDrawingCreationViewController.m */,
				32FFFDF020208387005031E5 /* DrawingViewController.h */,
				32FFFDF120208387005031E5 /* DrawingViewController.m */,
				C17D6596EE370EDE6B381211 /* NSString+JStyle.m */,
				C17D67C00980FA9862ECD246 /* NSString+JStyle.h */,
			);
			path = drawing;
			sourceTree = "<group>";
		};
		32FFFDE1202070AA005031E5 /* drawingTests */ = {
			isa = PBXGroup;
			children = (
				32FFFDE2202070AA005031E5 /* drawingTests.m */,
				32FFFDE4202070AA005031E5 /* Info.plist */,
			);
			path = drawingTests;
			sourceTree = "<group>";
		};
/* End PBXGroup section */

/* Begin PBXNativeTarget section */
		32FFFDC5202070AA005031E5 /* drawing */ = {
			isa = PBXNativeTarget;
			buildConfigurationList = 32FFFDE7202070AA005031E5 /* Build configuration list for PBXNativeTarget "drawing" */;
			buildPhases = (
				32FFFDC2202070AA005031E5 /* Sources */,
				32FFFDC3202070AA005031E5 /* Frameworks */,
				32FFFDC4202070AA005031E5 /* Resources */,
			);
			buildRules = (
			);
			dependencies = (
			);
			name = drawing;
			productName = drawing;
			productReference = 32FFFDC6202070AA005031E5 /* drawing.app */;
			productType = "com.apple.product-type.application";
		};
		32FFFDDD202070AA005031E5 /* drawingTests */ = {
			isa = PBXNativeTarget;
			buildConfigurationList = 32FFFDEA202070AA005031E5 /* Build configuration list for PBXNativeTarget "drawingTests" */;
			buildPhases = (
				32FFFDDA202070AA005031E5 /* Sources */,
				32FFFDDB202070AA005031E5 /* Frameworks */,
				32FFFDDC202070AA005031E5 /* Resources */,
			);
			buildRules = (
			);
			dependencies = (
				32FFFDE0202070AA005031E5 /* PBXTargetDependency */,
			);
			name = drawingTests;
			productName = drawingTests;
			productReference = 32FFFDDE202070AA005031E5 /* drawingTests.xctest */;
			productType = "com.apple.product-type.bundle.unit-test";
		};
/* End PBXNativeTarget section */

/* Begin PBXProject section */
		32FFFDBE202070AA005031E5 /* Project object */ = {
			isa = PBXProject;
			attributes = {
				LastUpgradeCheck = 0920;
				ORGANIZATIONNAME = anton.lamtev;
				TargetAttributes = {
					32FFFDC5202070AA005031E5 = {
						CreatedOnToolsVersion = 9.2;
						ProvisioningStyle = Automatic;
					};
					32FFFDDD202070AA005031E5 = {
						CreatedOnToolsVersion = 9.2;
						ProvisioningStyle = Automatic;
						TestTargetID = 32FFFDC5202070AA005031E5;
					};
				};
			};
			buildConfigurationList = 32FFFDC1202070AA005031E5 /* Build configuration list for PBXProject "drawing" */;
			compatibilityVersion = "Xcode 8.0";
			developmentRegion = en;
			hasScannedForEncodings = 0;
			knownRegions = (
				en,
				Base,
			);
			mainGroup = 32FFFDBD202070AA005031E5;
			productRefGroup = 32FFFDC7202070AA005031E5 /* Products */;
			projectDirPath = "";
			projectRoot = "";
			targets = (
				32FFFDC5202070AA005031E5 /* drawing */,
				32FFFDDD202070AA005031E5 /* drawingTests */,
			);
		};
/* End PBXProject section */

/* Begin PBXResourcesBuildPhase section */
		32FFFDC4202070AA005031E5 /* Resources */ = {
			isa = PBXResourcesBuildPhase;
			buildActionMask = 2147483647;
			files = (
				32FFFDD6202070AA005031E5 /* LaunchScreen.storyboard in Resources */,
				32FFFDD3202070AA005031E5 /* Assets.xcassets in Resources */,
				32FFFDD1202070AA005031E5 /* Main.storyboard in Resources */,
			);
			runOnlyForDeploymentPostprocessing = 0;
		};
		32FFFDDC202070AA005031E5 /* Resources */ = {
			isa = PBXResourcesBuildPhase;
			buildActionMask = 2147483647;
			files = (
			);
			runOnlyForDeploymentPostprocessing = 0;
		};
/* End PBXResourcesBuildPhase section */

/* Begin PBXSourcesBuildPhase section */
		32FFFDC2202070AA005031E5 /* Sources */ = {
			isa = PBXSourcesBuildPhase;
			buildActionMask = 2147483647;
			files = (
				32FFFDF220208387005031E5 /* DrawingViewController.m in Sources */,
				32FFFDCE202070AA005031E5 /* ViewController.m in Sources */,
				32FFFDD9202070AA005031E5 /* main.m in Sources */,
				32FFFDCB202070AA005031E5 /* AppDelegate.m in Sources */,
				32FFFDEF20207291005031E5 /* NewDrawingCreationViewController.m in Sources */,
				C17D635D2693703405DE0F56 /* NSString+JStyle.m in Sources */,
				32FFFDF520211AEC005031E5 /* ExistentDrawingsViewController.m in Sources */,
			);
			runOnlyForDeploymentPostprocessing = 0;
		};
		32FFFDDA202070AA005031E5 /* Sources */ = {
			isa = PBXSourcesBuildPhase;
			buildActionMask = 2147483647;
			files = (
				32FFFDE3202070AA005031E5 /* drawingTests.m in Sources */,
			);
			runOnlyForDeploymentPostprocessing = 0;
		};
/* End PBXSourcesBuildPhase section */

/* Begin PBXTargetDependency section */
		32FFFDE0202070AA005031E5 /* PBXTargetDependency */ = {
			isa = PBXTargetDependency;
			target = 32FFFDC5202070AA005031E5 /* drawing */;
			targetProxy = 32FFFDDF202070AA005031E5 /* PBXContainerItemProxy */;
		};
/* End PBXTargetDependency section */

/* Begin PBXVariantGroup section */
		32FFFDCF202070AA005031E5 /* Main.storyboard */ = {
			isa = PBXVariantGroup;
			children = (
				32FFFDD0202070AA005031E5 /* Base */,
			);
			name = Main.storyboard;
			sourceTree = "<group>";
		};
		32FFFDD4202070AA005031E5 /* LaunchScreen.storyboard */ = {
			isa = PBXVariantGroup;
			children = (
				32FFFDD5202070AA005031E5 /* Base */,
			);
			name = LaunchScreen.storyboard;
			sourceTree = "<group>";
		};
/* End PBXVariantGroup section */

/* Begin XCBuildConfiguration section */
		32FFFDE5202070AA005031E5 /* Debug */ = {
			isa = XCBuildConfiguration;
			buildSettings = {
				ALWAYS_SEARCH_USER_PATHS = NO;
				CLANG_ANALYZER_NONNULL = YES;
				CLANG_ANALYZER_NUMBER_OBJECT_CONVERSION = YES_AGGRESSIVE;
				CLANG_CXX_LANGUAGE_STANDARD = "gnu++14";
				CLANG_CXX_LIBRARY = "libc++";
				CLANG_ENABLE_MODULES = YES;
				CLANG_ENABLE_OBJC_ARC = NO;
				CLANG_WARN_BLOCK_CAPTURE_AUTORELEASING = YES;
				CLANG_WARN_BOOL_CONVERSION = YES;
				CLANG_WARN_COMMA = YES;
				CLANG_WARN_CONSTANT_CONVERSION = YES;
				CLANG_WARN_DIRECT_OBJC_ISA_USAGE = YES_ERROR;
				CLANG_WARN_DOCUMENTATION_COMMENTS = YES;
				CLANG_WARN_EMPTY_BODY = YES;
				CLANG_WARN_ENUM_CONVERSION = YES;
				CLANG_WARN_INFINITE_RECURSION = YES;
				CLANG_WARN_INT_CONVERSION = YES;
				CLANG_WARN_NON_LITERAL_NULL_CONVERSION = YES;
				CLANG_WARN_OBJC_LITERAL_CONVERSION = YES;
				CLANG_WARN_OBJC_ROOT_CLASS = YES_ERROR;
				CLANG_WARN_RANGE_LOOP_ANALYSIS = YES;
				CLANG_WARN_STRICT_PROTOTYPES = YES;
				CLANG_WARN_SUSPICIOUS_MOVE = YES;
				CLANG_WARN_UNGUARDED_AVAILABILITY = YES_AGGRESSIVE;
				CLANG_WARN_UNREACHABLE_CODE = YES;
				CLANG_WARN__DUPLICATE_METHOD_MATCH = YES;
				CODE_SIGN_IDENTITY = "iPhone Developer";
				COPY_PHASE_STRIP = NO;
				DEBUG_INFORMATION_FORMAT = dwarf;
				ENABLE_STRICT_OBJC_MSGSEND = YES;
				ENABLE_TESTABILITY = YES;
				GCC_C_LANGUAGE_STANDARD = gnu11;
				GCC_DYNAMIC_NO_PIC = NO;
				GCC_NO_COMMON_BLOCKS = YES;
				GCC_OPTIMIZATION_LEVEL = 0;
				GCC_PREPROCESSOR_DEFINITIONS = (
					"DEBUG=1",
					"$(inherited)",
				);
				GCC_WARN_64_TO_32_BIT_CONVERSION = YES;
				GCC_WARN_ABOUT_RETURN_TYPE = YES_ERROR;
				GCC_WARN_UNDECLARED_SELECTOR = YES;
				GCC_WARN_UNINITIALIZED_AUTOS = YES_AGGRESSIVE;
				GCC_WARN_UNUSED_FUNCTION = YES;
				GCC_WARN_UNUSED_VARIABLE = YES;
				IPHONEOS_DEPLOYMENT_TARGET = 11.2;
				MTL_ENABLE_DEBUG_INFO = YES;
				ONLY_ACTIVE_ARCH = YES;
				SDKROOT = iphoneos;
			};
			name = Debug;
		};
		32FFFDE6202070AA005031E5 /* Release */ = {
			isa = XCBuildConfiguration;
			buildSettings = {
				ALWAYS_SEARCH_USER_PATHS = NO;
				CLANG_ANALYZER_NONNULL = YES;
				CLANG_ANALYZER_NUMBER_OBJECT_CONVERSION = YES_AGGRESSIVE;
				CLANG_CXX_LANGUAGE_STANDARD = "gnu++14";
				CLANG_CXX_LIBRARY = "libc++";
				CLANG_ENABLE_MODULES = YES;
				CLANG_ENABLE_OBJC_ARC = NO;
				CLANG_WARN_BLOCK_CAPTURE_AUTORELEASING = YES;
				CLANG_WARN_BOOL_CONVERSION = YES;
				CLANG_WARN_COMMA = YES;
				CLANG_WARN_CONSTANT_CONVERSION = YES;
				CLANG_WARN_DIRECT_OBJC_ISA_USAGE = YES_ERROR;
				CLANG_WARN_DOCUMENTATION_COMMENTS = YES;
				CLANG_WARN_EMPTY_BODY = YES;
				CLANG_WARN_ENUM_CONVERSION = YES;
				CLANG_WARN_INFINITE_RECURSION = YES;
				CLANG_WARN_INT_CONVERSION = YES;
				CLANG_WARN_NON_LITERAL_NULL_CONVERSION = YES;
				CLANG_WARN_OBJC_LITERAL_CONVERSION = YES;
				CLANG_WARN_OBJC_ROOT_CLASS = YES_ERROR;
				CLANG_WARN_RANGE_LOOP_ANALYSIS = YES;
				CLANG_WARN_STRICT_PROTOTYPES = YES;
				CLANG_WARN_SUSPICIOUS_MOVE = YES;
				CLANG_WARN_UNGUARDED_AVAILABILITY = YES_AGGRESSIVE;
				CLANG_WARN_UNREACHABLE_CODE = YES;
				CLANG_WARN__DUPLICATE_METHOD_MATCH = YES;
				CODE_SIGN_IDENTITY = "iPhone Developer";
				COPY_PHASE_STRIP = NO;
				DEBUG_INFORMATION_FORMAT = "dwarf-with-dsym";
				ENABLE_NS_ASSERTIONS = NO;
				ENABLE_STRICT_OBJC_MSGSEND = YES;
				GCC_C_LANGUAGE_STANDARD = gnu11;
				GCC_NO_COMMON_BLOCKS = YES;
				GCC_WARN_64_TO_32_BIT_CONVERSION = YES;
				GCC_WARN_ABOUT_RETURN_TYPE = YES_ERROR;
				GCC_WARN_UNDECLARED_SELECTOR = YES;
				GCC_WARN_UNINITIALIZED_AUTOS = YES_AGGRESSIVE;
				GCC_WARN_UNUSED_FUNCTION = YES;
				GCC_WARN_UNUSED_VARIABLE = YES;
				IPHONEOS_DEPLOYMENT_TARGET = 11.2;
				MTL_ENABLE_DEBUG_INFO = NO;
				SDKROOT = iphoneos;
				VALIDATE_PRODUCT = YES;
			};
			name = Release;
		};
		32FFFDE8202070AA005031E5 /* Debug */ = {
			isa = XCBuildConfiguration;
			buildSettings = {
				ASSETCATALOG_COMPILER_APPICON_NAME = AppIcon;
				CODE_SIGN_STYLE = Automatic;
				INFOPLIST_FILE = drawing/Info.plist;
				IPHONEOS_DEPLOYMENT_TARGET = 11.2;
				LD_RUNPATH_SEARCH_PATHS = "$(inherited) @executable_path/Frameworks";
				PRODUCT_BUNDLE_IDENTIFIER = ru.ok.drawing;
				PRODUCT_NAME = "$(TARGET_NAME)";
				TARGETED_DEVICE_FAMILY = "1,2";
			};
			name = Debug;
		};
		32FFFDE9202070AA005031E5 /* Release */ = {
			isa = XCBuildConfiguration;
			buildSettings = {
				ASSETCATALOG_COMPILER_APPICON_NAME = AppIcon;
				CODE_SIGN_STYLE = Automatic;
				INFOPLIST_FILE = drawing/Info.plist;
				IPHONEOS_DEPLOYMENT_TARGET = 11.2;
				LD_RUNPATH_SEARCH_PATHS = "$(inherited) @executable_path/Frameworks";
				PRODUCT_BUNDLE_IDENTIFIER = ru.ok.drawing;
				PRODUCT_NAME = "$(TARGET_NAME)";
				TARGETED_DEVICE_FAMILY = "1,2";
			};
			name = Release;
		};
		32FFFDEB202070AA005031E5 /* Debug */ = {
			isa = XCBuildConfiguration;
			buildSettings = {
				BUNDLE_LOADER = "$(TEST_HOST)";
				CODE_SIGN_STYLE = Automatic;
				INFOPLIST_FILE = drawingTests/Info.plist;
				LD_RUNPATH_SEARCH_PATHS = "$(inherited) @executable_path/Frameworks @loader_path/Frameworks";
				PRODUCT_BUNDLE_IDENTIFIER = ru.ok.drawingTests;
				PRODUCT_NAME = "$(TARGET_NAME)";
				TARGETED_DEVICE_FAMILY = "1,2";
				TEST_HOST = "$(BUILT_PRODUCTS_DIR)/drawing.app/drawing";
			};
			name = Debug;
		};
		32FFFDEC202070AA005031E5 /* Release */ = {
			isa = XCBuildConfiguration;
			buildSettings = {
				BUNDLE_LOADER = "$(TEST_HOST)";
				CODE_SIGN_STYLE = Automatic;
				INFOPLIST_FILE = drawingTests/Info.plist;
				LD_RUNPATH_SEARCH_PATHS = "$(inherited) @executable_path/Frameworks @loader_path/Frameworks";
				PRODUCT_BUNDLE_IDENTIFIER = ru.ok.drawingTests;
				PRODUCT_NAME = "$(TARGET_NAME)";
				TARGETED_DEVICE_FAMILY = "1,2";
				TEST_HOST = "$(BUILT_PRODUCTS_DIR)/drawing.app/drawing";
			};
			name = Release;
		};
/* End XCBuildConfiguration section */

/* Begin XCConfigurationList section */
		32FFFDC1202070AA005031E5 /* Build configuration list for PBXProject "drawing" */ = {
			isa = XCConfigurationList;
			buildConfigurations = (
				32FFFDE5202070AA005031E5 /* Debug */,
				32FFFDE6202070AA005031E5 /* Release */,
			);
			defaultConfigurationIsVisible = 0;
			defaultConfigurationName = Release;
		};
		32FFFDE7202070AA005031E5 /* Build configuration list for PBXNativeTarget "drawing" */ = {
			isa = XCConfigurationList;
			buildConfigurations = (
				32FFFDE8202070AA005031E5 /* Debug */,
				32FFFDE9202070AA005031E5 /* Release */,
			);
			defaultConfigurationIsVisible = 0;
			defaultConfigurationName = Release;
		};
		32FFFDEA202070AA005031E5 /* Build configuration list for PBXNativeTarget "drawingTests" */ = {
			isa = XCConfigurationList;
			buildConfigurations = (
				32FFFDEB202070AA005031E5 /* Debug */,
				32FFFDEC202070AA005031E5 /* Release */,
			);
			defaultConfigurationIsVisible = 0;
			defaultConfigurationName = Release;
		};
/* End XCConfigurationList section */
	};
	rootObject = 32FFFDBE202070AA005031E5 /* Project object */;
}
